// !$*UTF8*$!
{
	archiveVersion = 1;
	classes = {
	};
	objectVersion = 50;
	objects = {

/* Begin PBXBuildFile section */
		9E1C639524A198B800565588 /* DataModel.xcdatamodeld in Sources */ = {isa = PBXBuildFile; fileRef = 9E1C639324A198B800565588 /* DataModel.xcdatamodeld */; };
		9E7AAB4C249B250F007F4CE3 /* AppDelegate.swift in Sources */ = {isa = PBXBuildFile; fileRef = 9E7AAB4B249B250F007F4CE3 /* AppDelegate.swift */; };
		9E7AAB4E249B250F007F4CE3 /* SceneDelegate.swift in Sources */ = {isa = PBXBuildFile; fileRef = 9E7AAB4D249B250F007F4CE3 /* SceneDelegate.swift */; };
		9E7AAB50249B250F007F4CE3 /* ListahanVC.swift in Sources */ = {isa = PBXBuildFile; fileRef = 9E7AAB4F249B250F007F4CE3 /* ListahanVC.swift */; };
		9E7AAB53249B250F007F4CE3 /* Main.storyboard in Resources */ = {isa = PBXBuildFile; fileRef = 9E7AAB51249B250F007F4CE3 /* Main.storyboard */; };
		9E7AAB55249B250F007F4CE3 /* Assets.xcassets in Resources */ = {isa = PBXBuildFile; fileRef = 9E7AAB54249B250F007F4CE3 /* Assets.xcassets */; };
		9E7AAB58249B250F007F4CE3 /* LaunchScreen.storyboard in Resources */ = {isa = PBXBuildFile; fileRef = 9E7AAB56249B250F007F4CE3 /* LaunchScreen.storyboard */; };
/* End PBXBuildFile section */

/* Begin PBXFileReference section */
		9E1C639424A198B800565588 /* DataModel.xcdatamodel */ = {isa = PBXFileReference; lastKnownFileType = wrapper.xcdatamodel; path = DataModel.xcdatamodel; sourceTree = "<group>"; };
		9E7AAB48249B250F007F4CE3 /* Listahan Ko.app */ = {isa = PBXFileReference; explicitFileType = wrapper.application; includeInIndex = 0; path = "Listahan Ko.app"; sourceTree = BUILT_PRODUCTS_DIR; };
		9E7AAB4B249B250F007F4CE3 /* AppDelegate.swift */ = {isa = PBXFileReference; lastKnownFileType = sourcecode.swift; path = AppDelegate.swift; sourceTree = "<group>"; };
		9E7AAB4D249B250F007F4CE3 /* SceneDelegate.swift */ = {isa = PBXFileReference; lastKnownFileType = sourcecode.swift; path = SceneDelegate.swift; sourceTree = "<group>"; };
		9E7AAB4F249B250F007F4CE3 /* ListahanVC.swift */ = {isa = PBXFileReference; lastKnownFileType = sourcecode.swift; path = ListahanVC.swift; sourceTree = "<group>"; };
		9E7AAB52249B250F007F4CE3 /* Base */ = {isa = PBXFileReference; lastKnownFileType = file.storyboard; name = Base; path = Base.lproj/Main.storyboard; sourceTree = "<group>"; };
		9E7AAB54249B250F007F4CE3 /* Assets.xcassets */ = {isa = PBXFileReference; lastKnownFileType = folder.assetcatalog; path = Assets.xcassets; sourceTree = "<group>"; };
		9E7AAB57249B250F007F4CE3 /* Base */ = {isa = PBXFileReference; lastKnownFileType = file.storyboard; name = Base; path = Base.lproj/LaunchScreen.storyboard; sourceTree = "<group>"; };
		9E7AAB59249B250F007F4CE3 /* Info.plist */ = {isa = PBXFileReference; lastKnownFileType = text.plist.xml; path = Info.plist; sourceTree = "<group>"; };
/* End PBXFileReference section */

/* Begin PBXFrameworksBuildPhase section */
		9E7AAB45249B250F007F4CE3 /* Frameworks */ = {
			isa = PBXFrameworksBuildPhase;
			buildActionMask = 2147483647;
			files = (
			);
			runOnlyForDeploymentPostprocessing = 0;
		};
/* End PBXFrameworksBuildPhase section */

/* Begin PBXGroup section */
		9E7AAB3F249B250E007F4CE3 = {
			isa = PBXGroup;
			children = (
				9E7AAB4A249B250F007F4CE3 /* Listahan Ko */,
				9E7AAB49249B250F007F4CE3 /* Products */,
			);
			sourceTree = "<group>";
		};
		9E7AAB49249B250F007F4CE3 /* Products */ = {
			isa = PBXGroup;
			children = (
				9E7AAB48249B250F007F4CE3 /* Listahan Ko.app */,
			);
			name = Products;
			sourceTree = "<group>";
		};
		9E7AAB4A249B250F007F4CE3 /* Listahan Ko */ = {
			isa = PBXGroup;
			children = (
				9E7AAB4B249B250F007F4CE3 /* AppDelegate.swift */,
				9E7AAB4D249B250F007F4CE3 /* SceneDelegate.swift */,
				9EA53C7D249CA25D0030EC1C /* Controller */,
				9EA53C7C249CA2460030EC1C /* Data Model */,
				9EA53C7E249CA26C0030EC1C /* View */,
				9EA53C7F249CA28B0030EC1C /* Supporting Files */,
				9E7AAB59249B250F007F4CE3 /* Info.plist */,
			);
			path = "Listahan Ko";
			sourceTree = "<group>";
		};
		9EA53C7C249CA2460030EC1C /* Data Model */ = {
			isa = PBXGroup;
			children = (
				9E1C639324A198B800565588 /* DataModel.xcdatamodeld */,
			);
			path = "Data Model";
			sourceTree = "<group>";
		};
		9EA53C7D249CA25D0030EC1C /* Controller */ = {
			isa = PBXGroup;
			children = (
				9E7AAB4F249B250F007F4CE3 /* ListahanVC.swift */,
			);
			path = Controller;
			sourceTree = "<group>";
		};
		9EA53C7E249CA26C0030EC1C /* View */ = {
			isa = PBXGroup;
			children = (
				9E7AAB51249B250F007F4CE3 /* Main.storyboard */,
			);
			path = View;
			sourceTree = "<group>";
		};
		9EA53C7F249CA28B0030EC1C /* Supporting Files */ = {
			isa = PBXGroup;
			children = (
				9E7AAB54249B250F007F4CE3 /* Assets.xcassets */,
				9E7AAB56249B250F007F4CE3 /* LaunchScreen.storyboard */,
			);
			path = "Supporting Files";
			sourceTree = "<group>";
		};
/* End PBXGroup section */

/* Begin PBXNativeTarget section */
		9E7AAB47249B250F007F4CE3 /* Listahan Ko */ = {
			isa = PBXNativeTarget;
			buildConfigurationList = 9E7AAB5C249B250F007F4CE3 /* Build configuration list for PBXNativeTarget "Listahan Ko" */;
			buildPhases = (
				9E7AAB44249B250F007F4CE3 /* Sources */,
				9E7AAB45249B250F007F4CE3 /* Frameworks */,
				9E7AAB46249B250F007F4CE3 /* Resources */,
			);
			buildRules = (
			);
			dependencies = (
			);
			name = "Listahan Ko";
			productName = "Listahan Ko";
			productReference = 9E7AAB48249B250F007F4CE3 /* Listahan Ko.app */;
			productType = "com.apple.product-type.application";
		};
/* End PBXNativeTarget section */

/* Begin PBXProject section */
		9E7AAB40249B250E007F4CE3 /* Project object */ = {
			isa = PBXProject;
			attributes = {
				LastSwiftUpdateCheck = 1130;
				LastUpgradeCheck = 1130;
				ORGANIZATIONNAME = "Jervy Umandap";
				TargetAttributes = {
					9E7AAB47249B250F007F4CE3 = {
						CreatedOnToolsVersion = 11.3.1;
					};
				};
			};
			buildConfigurationList = 9E7AAB43249B250E007F4CE3 /* Build configuration list for PBXProject "Listahan Ko" */;
			compatibilityVersion = "Xcode 9.3";
			developmentRegion = en;
			hasScannedForEncodings = 0;
			knownRegions = (
				en,
				Base,
			);
			mainGroup = 9E7AAB3F249B250E007F4CE3;
			productRefGroup = 9E7AAB49249B250F007F4CE3 /* Products */;
			projectDirPath = "";
			projectRoot = "";
			targets = (
				9E7AAB47249B250F007F4CE3 /* Listahan Ko */,
			);
		};
/* End PBXProject section */

/* Begin PBXResourcesBuildPhase section */
		9E7AAB46249B250F007F4CE3 /* Resources */ = {
			isa = PBXResourcesBuildPhase;
			buildActionMask = 2147483647;
			files = (
				9E7AAB58249B250F007F4CE3 /* LaunchScreen.storyboard in Resources */,
				9E7AAB55249B250F007F4CE3 /* Assets.xcassets in Resources */,
				9E7AAB53249B250F007F4CE3 /* Main.storyboard in Resources */,
			);
			runOnlyForDeploymentPostprocessing = 0;
		};
/* End PBXResourcesBuildPhase section */

/* Begin PBXSourcesBuildPhase section */
		9E7AAB44249B250F007F4CE3 /* Sources */ = {
			isa = PBXSourcesBuildPhase;
			buildActionMask = 2147483647;
			files = (
				9E7AAB50249B250F007F4CE3 /* ListahanVC.swift in Sources */,
				9E1C639524A198B800565588 /* DataModel.xcdatamodeld in Sources */,
				9E7AAB4C249B250F007F4CE3 /* AppDelegate.swift in Sources */,
				9E7AAB4E249B250F007F4CE3 /* SceneDelegate.swift in Sources */,
			);
			runOnlyForDeploymentPostprocessing = 0;
		};
/* End PBXSourcesBuildPhase section */

/* Begin PBXVariantGroup section */
		9E7AAB51249B250F007F4CE3 /* Main.storyboard */ = {
			isa = PBXVariantGroup;
			children = (
				9E7AAB52249B250F007F4CE3 /* Base */,
			);
			name = Main.storyboard;
			sourceTree = "<group>";
		};
		9E7AAB56249B250F007F4CE3 /* LaunchScreen.storyboard */ = {
			isa = PBXVariantGroup;
			children = (
				9E7AAB57249B250F007F4CE3 /* Base */,
			);
			name = LaunchScreen.storyboard;
			sourceTree = "<group>";
		};
/* End PBXVariantGroup section */

/* Begin XCBuildConfiguration section */
		9E7AAB5A249B250F007F4CE3 /* Debug */ = {
			isa = XCBuildConfiguration;
			buildSettings = {
				ALWAYS_SEARCH_USER_PATHS = NO;
				CLANG_ANALYZER_NONNULL = YES;
				CLANG_ANALYZER_NUMBER_OBJECT_CONVERSION = YES_AGGRESSIVE;
				CLANG_CXX_LANGUAGE_STANDARD = "gnu++14";
				CLANG_CXX_LIBRARY = "libc++";
				CLANG_ENABLE_MODULES = YES;
				CLANG_ENABLE_OBJC_ARC = YES;
				CLANG_ENABLE_OBJC_WEAK = YES;
				CLANG_WARN_BLOCK_CAPTURE_AUTORELEASING = YES;
				CLANG_WARN_BOOL_CONVERSION = YES;
				CLANG_WARN_COMMA = YES;
				CLANG_WARN_CONSTANT_CONVERSION = YES;
				CLANG_WARN_DEPRECATED_OBJC_IMPLEMENTATIONS = YES;
				CLANG_WARN_DIRECT_OBJC_ISA_USAGE = YES_ERROR;
				CLANG_WARN_DOCUMENTATION_COMMENTS = YES;
				CLANG_WARN_EMPTY_BODY = YES;
				CLANG_WARN_ENUM_CONVERSION = YES;
				CLANG_WARN_INFINITE_RECURSION = YES;
				CLANG_WARN_INT_CONVERSION = YES;
				CLANG_WARN_NON_LITERAL_NULL_CONVERSION = YES;
				CLANG_WARN_OBJC_IMPLICIT_RETAIN_SELF = YES;
				CLANG_WARN_OBJC_LITERAL_CONVERSION = YES;
				CLANG_WARN_OBJC_ROOT_CLASS = YES_ERROR;
				CLANG_WARN_RANGE_LOOP_ANALYSIS = YES;
				CLANG_WARN_STRICT_PROTOTYPES = YES;
				CLANG_WARN_SUSPICIOUS_MOVE = YES;
				CLANG_WARN_UNGUARDED_AVAILABILITY = YES_AGGRESSIVE;
				CLANG_WARN_UNREACHABLE_CODE = YES;
				CLANG_WARN__DUPLICATE_METHOD_MATCH = YES;
				COPY_PHASE_STRIP = NO;
				DEBUG_INFORMATION_FORMAT = dwarf;
				ENABLE_STRICT_OBJC_MSGSEND = YES;
				ENABLE_TESTABILITY = YES;
				GCC_C_LANGUAGE_STANDARD = gnu11;
				GCC_DYNAMIC_NO_PIC = NO;
				GCC_NO_COMMON_BLOCKS = YES;
				GCC_OPTIMIZATION_LEVEL = 0;
				GCC_PREPROCESSOR_DEFINITIONS = (
					"DEBUG=1",
					"$(inherited)",
				);
				GCC_WARN_64_TO_32_BIT_CONVERSION = YES;
				GCC_WARN_ABOUT_RETURN_TYPE = YES_ERROR;
				GCC_WARN_UNDECLARED_SELECTOR = YES;
				GCC_WARN_UNINITIALIZED_AUTOS = YES_AGGRESSIVE;
				GCC_WARN_UNUSED_FUNCTION = YES;
				GCC_WARN_UNUSED_VARIABLE = YES;
				IPHONEOS_DEPLOYMENT_TARGET = 13.2;
				MTL_ENABLE_DEBUG_INFO = INCLUDE_SOURCE;
				MTL_FAST_MATH = YES;
				ONLY_ACTIVE_ARCH = YES;
				SDKROOT = iphoneos;
				SWIFT_ACTIVE_COMPILATION_CONDITIONS = DEBUG;
				SWIFT_OPTIMIZATION_LEVEL = "-Onone";
			};
			name = Debug;
		};
		9E7AAB5B249B250F007F4CE3 /* Release */ = {
			isa = XCBuildConfiguration;
			buildSettings = {
				ALWAYS_SEARCH_USER_PATHS = NO;
				CLANG_ANALYZER_NONNULL = YES;
				CLANG_ANALYZER_NUMBER_OBJECT_CONVERSION = YES_AGGRESSIVE;
				CLANG_CXX_LANGUAGE_STANDARD = "gnu++14";
				CLANG_CXX_LIBRARY = "libc++";
				CLANG_ENABLE_MODULES = YES;
				CLANG_ENABLE_OBJC_ARC = YES;
				CLANG_ENABLE_OBJC_WEAK = YES;
				CLANG_WARN_BLOCK_CAPTURE_AUTORELEASING = YES;
				CLANG_WARN_BOOL_CONVERSION = YES;
				CLANG_WARN_COMMA = YES;
				CLANG_WARN_CONSTANT_CONVERSION = YES;
				CLANG_WARN_DEPRECATED_OBJC_IMPLEMENTATIONS = YES;
				CLANG_WARN_DIRECT_OBJC_ISA_USAGE = YES_ERROR;
				CLANG_WARN_DOCUMENTATION_COMMENTS = YES;
				CLANG_WARN_EMPTY_BODY = YES;
				CLANG_WARN_ENUM_CONVERSION = YES;
				CLANG_WARN_INFINITE_RECURSION = YES;
				CLANG_WARN_INT_CONVERSION = YES;
				CLANG_WARN_NON_LITERAL_NULL_CONVERSION = YES;
				CLANG_WARN_OBJC_IMPLICIT_RETAIN_SELF = YES;
				CLANG_WARN_OBJC_LITERAL_CONVERSION = YES;
				CLANG_WARN_OBJC_ROOT_CLASS = YES_ERROR;
				CLANG_WARN_RANGE_LOOP_ANALYSIS = YES;
				CLANG_WARN_STRICT_PROTOTYPES = YES;
				CLANG_WARN_SUSPICIOUS_MOVE = YES;
				CLANG_WARN_UNGUARDED_AVAILABILITY = YES_AGGRESSIVE;
				CLANG_WARN_UNREACHABLE_CODE = YES;
				CLANG_WARN__DUPLICATE_METHOD_MATCH = YES;
				COPY_PHASE_STRIP = NO;
				DEBUG_INFORMATION_FORMAT = "dwarf-with-dsym";
				ENABLE_NS_ASSERTIONS = NO;
				ENABLE_STRICT_OBJC_MSGSEND = YES;
				GCC_C_LANGUAGE_STANDARD = gnu11;
				GCC_NO_COMMON_BLOCKS = YES;
				GCC_WARN_64_TO_32_BIT_CONVERSION = YES;
				GCC_WARN_ABOUT_RETURN_TYPE = YES_ERROR;
				GCC_WARN_UNDECLARED_SELECTOR = YES;
				GCC_WARN_UNINITIALIZED_AUTOS = YES_AGGRESSIVE;
				GCC_WARN_UNUSED_FUNCTION = YES;
				GCC_WARN_UNUSED_VARIABLE = YES;
				IPHONEOS_DEPLOYMENT_TARGET = 13.2;
				MTL_ENABLE_DEBUG_INFO = NO;
				MTL_FAST_MATH = YES;
				SDKROOT = iphoneos;
				SWIFT_COMPILATION_MODE = wholemodule;
				SWIFT_OPTIMIZATION_LEVEL = "-O";
				VALIDATE_PRODUCT = YES;
			};
			name = Release;
		};
		9E7AAB5D249B250F007F4CE3 /* Debug */ = {
			isa = XCBuildConfiguration;
			buildSettings = {
				ASSETCATALOG_COMPILER_APPICON_NAME = AppIcon;
				CODE_SIGN_STYLE = Automatic;
				DEVELOPMENT_TEAM = 7ZBHT89JPN;
				INFOPLIST_FILE = "Listahan Ko/Info.plist";
				IPHONEOS_DEPLOYMENT_TARGET = 13.5;
				LD_RUNPATH_SEARCH_PATHS = (
					"$(inherited)",
					"@executable_path/Frameworks",
				);
				PRODUCT_BUNDLE_IDENTIFIER = "com.jervygu.Listahan-Ko";
				PRODUCT_NAME = "$(TARGET_NAME)";
				SWIFT_VERSION = 5.0;
				TARGETED_DEVICE_FAMILY = "1,2";
			};
			name = Debug;
		};
		9E7AAB5E249B250F007F4CE3 /* Release */ = {
			isa = XCBuildConfiguration;
			buildSettings = {
				ASSETCATALOG_COMPILER_APPICON_NAME = AppIcon;
				CODE_SIGN_STYLE = Automatic;
				DEVELOPMENT_TEAM = 7ZBHT89JPN;
				INFOPLIST_FILE = "Listahan Ko/Info.plist";
				IPHONEOS_DEPLOYMENT_TARGET = 13.5;
				LD_RUNPATH_SEARCH_PATHS = (
					"$(inherited)",
					"@executable_path/Frameworks",
				);
				PRODUCT_BUNDLE_IDENTIFIER = "com.jervygu.Listahan-Ko";
				PRODUCT_NAME = "$(TARGET_NAME)";
				SWIFT_VERSION = 5.0;
				TARGETED_DEVICE_FAMILY = "1,2";
			};
			name = Release;
		};
/* End XCBuildConfiguration section */

/* Begin XCConfigurationList section */
		9E7AAB43249B250E007F4CE3 /* Build configuration list for PBXProject "Listahan Ko" */ = {
			isa = XCConfigurationList;
			buildConfigurations = (
				9E7AAB5A249B250F007F4CE3 /* Debug */,
				9E7AAB5B249B250F007F4CE3 /* Release */,
			);
			defaultConfigurationIsVisible = 0;
			defaultConfigurationName = Release;
		};
		9E7AAB5C249B250F007F4CE3 /* Build configuration list for PBXNativeTarget "Listahan Ko" */ = {
			isa = XCConfigurationList;
			buildConfigurations = (
				9E7AAB5D249B250F007F4CE3 /* Debug */,
				9E7AAB5E249B250F007F4CE3 /* Release */,
			);
			defaultConfigurationIsVisible = 0;
			defaultConfigurationName = Release;
		};
/* End XCConfigurationList section */

/* Begin XCVersionGroup section */
		9E1C639324A198B800565588 /* DataModel.xcdatamodeld */ = {
			isa = XCVersionGroup;
			children = (
				9E1C639424A198B800565588 /* DataModel.xcdatamodel */,
			);
			currentVersion = 9E1C639424A198B800565588 /* DataModel.xcdatamodel */;
			path = DataModel.xcdatamodeld;
			sourceTree = "<group>";
			versionGroupType = wrapper.xcdatamodel;
		};
/* End XCVersionGroup section */
	};
	rootObject = 9E7AAB40249B250E007F4CE3 /* Project object */;
}
